Microsoft Visual Studio Solution File, Format Version 12.00
# Visual Studio Version 17
VisualStudioVersion = 17.5.2.0
MinimumVisualStudioVersion = 10.0.40219.1
Project("{FAE04EC0-301F-11D3-BF4B-00C04F79EFBC}") = "Valuator", "Valuator\Valuator.csproj", "{BB3B7AF3-09CB-8246-6EE6-CF385AAB4AA1}"
EndProject
Project("{FAE04EC0-301F-11D3-BF4B-00C04F79EFBC}") = "EventsLogger", "EventsLogger\EventsLogger\EventsLogger.csproj", "{EE67C01C-E8BC-E0BE-7801-B8EE70C0F2D0}"
EndProject
Project("{FAE04EC0-301F-11D3-BF4B-00C04F79EFBC}") = "RankCalculator", "RankCalculator\RankCalculator\RankCalculator.csproj", "{50CF4472-8208-CAA9-AE9C-6478406E4C2C}"
EndProject
Project("{FAE04EC0-301F-11D3-BF4B-00C04F79EFBC}") = "System.E2ETests", "tests\System.E2ETests\System.E2ETests.csproj", "{0491CD02-8616-4771-AEE2-4F05DCAEF4FB}"
EndProject
Global
	GlobalSection(SolutionConfigurationPlatforms) = preSolution
		Debug|Any CPU = Debug|Any CPU
		Release|Any CPU = Release|Any CPU
	EndGlobalSection
	GlobalSection(ProjectConfigurationPlatforms) = postSolution
		{BB3B7AF3-09CB-8246-6EE6-CF385AAB4AA1}.Debug|Any CPU.ActiveCfg = Debug|Any CPU
		{BB3B7AF3-09CB-8246-6EE6-CF385AAB4AA1}.Debug|Any CPU.Build.0 = Debug|Any CPU
		{BB3B7AF3-09CB-8246-6EE6-CF385AAB4AA1}.Release|Any CPU.ActiveCfg = Release|Any CPU
		{BB3B7AF3-09CB-8246-6EE6-CF385AAB4AA1}.Release|Any CPU.Build.0 = Release|Any CPU
		{EE67C01C-E8BC-E0BE-7801-B8EE70C0F2D0}.Debug|Any CPU.ActiveCfg = Debug|Any CPU
		{EE67C01C-E8BC-E0BE-7801-B8EE70C0F2D0}.Debug|Any CPU.Build.0 = Debug|Any CPU
		{EE67C01C-E8BC-E0BE-7801-B8EE70C0F2D0}.Release|Any CPU.ActiveCfg = Release|Any CPU
		{EE67C01C-E8BC-E0BE-7801-B8EE70C0F2D0}.Release|Any CPU.Build.0 = Release|Any CPU
		{50CF4472-8208-CAA9-AE9C-6478406E4C2C}.Debug|Any CPU.ActiveCfg = Debug|Any CPU
		{50CF4472-8208-CAA9-AE9C-6478406E4C2C}.Debug|Any CPU.Build.0 = Debug|Any CPU
		{50CF4472-8208-CAA9-AE9C-6478406E4C2C}.Release|Any CPU.ActiveCfg = Release|Any CPU
		{50CF4472-8208-CAA9-AE9C-6478406E4C2C}.Release|Any CPU.Build.0 = Release|Any CPU
		{0491CD02-8616-4771-AEE2-4F05DCAEF4FB}.Debug|Any CPU.ActiveCfg = Debug|Any CPU
		{0491CD02-8616-4771-AEE2-4F05DCAEF4FB}.Debug|Any CPU.Build.0 = Debug|Any CPU
		{0491CD02-8616-4771-AEE2-4F05DCAEF4FB}.Release|Any CPU.ActiveCfg = Release|Any CPU
		{0491CD02-8616-4771-AEE2-4F05DCAEF4FB}.Release|Any CPU.Build.0 = Release|Any CPU
	EndGlobalSection
	GlobalSection(SolutionProperties) = preSolution
		HideSolutionNode = FALSE
	EndGlobalSection
	GlobalSection(ExtensibilityGlobals) = postSolution
		SolutionGuid = {4E720F55-C9D3-44BC-AFC1-5F0DEFF3FB93}
	EndGlobalSection
EndGlobal
