
Microsoft Visual Studio Solution File, Format Version 12.00
# Visual Studio Version 17
VisualStudioVersion = 17.13.35818.85 d17.13
MinimumVisualStudioVersion = 10.0.40219.1
Project("{FAE04EC0-301F-11D3-BF4B-00C04F79EFBC}") = "EventsLogger", "EventsLogger\EventsLogger.csproj", "{8FE31736-516A-4C81-B3FE-21CCD4A8D7FA}"
EndProject
Global
	GlobalSection(SolutionConfigurationPlatforms) = preSolution
		Debug|Any CPU = Debug|Any CPU
		Release|Any CPU = Release|Any CPU
	EndGlobalSection
	GlobalSection(ProjectConfigurationPlatforms) = postSolution
		{8FE31736-516A-4C81-B3FE-21CCD4A8D7FA}.Debug|Any CPU.ActiveCfg = Debug|Any CPU
		{8FE31736-516A-4C81-B3FE-21CCD4A8D7FA}.Debug|Any CPU.Build.0 = Debug|Any CPU
		{8FE31736-516A-4C81-B3FE-21CCD4A8D7FA}.Release|Any CPU.ActiveCfg = Release|Any CPU
		{8FE31736-516A-4C81-B3FE-21CCD4A8D7FA}.Release|Any CPU.Build.0 = Release|Any CPU
	EndGlobalSection
	GlobalSection(SolutionProperties) = preSolution
		HideSolutionNode = FALSE
	EndGlobalSection
	GlobalSection(ExtensibilityGlobals) = postSolution
		SolutionGuid = {8AFE94A1-5058-4263-8289-13E553733504}
	EndGlobalSection
EndGlobal
